
Microsoft Visual Studio Solution File, Format Version 12.00
# Visual Studio Version 17
VisualStudioVersion = 17.4.33122.133
MinimumVisualStudioVersion = 10.0.40219.1
Project("{FAE04EC0-301F-11D3-BF4B-00C04F79EFBC}") = "BarcodeGenerator", "BarcodeGenerator\BarcodeGenerator.csproj", "{DD886925-9FBC-41B1-95E1-B5C3940F960B}"
EndProject
Global
	GlobalSection(SolutionConfigurationPlatforms) = preSolution
		Debug|Any CPU = Debug|Any CPU
		Release|Any CPU = Release|Any CPU
	EndGlobalSection
	GlobalSection(ProjectConfigurationPlatforms) = postSolution
		{DD886925-9FBC-41B1-95E1-B5C3940F960B}.Debug|Any CPU.ActiveCfg = Debug|Any CPU
		{DD886925-9FBC-41B1-95E1-B5C3940F960B}.Debug|Any CPU.Build.0 = Debug|Any CPU
		{DD886925-9FBC-41B1-95E1-B5C3940F960B}.Release|Any CPU.ActiveCfg = Release|Any CPU
		{DD886925-9FBC-41B1-95E1-B5C3940F960B}.Release|Any CPU.Build.0 = Release|Any CPU
	EndGlobalSection
	GlobalSection(SolutionProperties) = preSolution
		HideSolutionNode = FALSE
	EndGlobalSection
	GlobalSection(ExtensibilityGlobals) = postSolution
		SolutionGuid = {6782BBEE-752F-4A10-A9EA-240D218D54AD}
	EndGlobalSection
EndGlobal
